
Microsoft Visual Studio Solution File, Format Version 12.00
# Visual Studio Version 17
VisualStudioVersion = 17.8.34525.116
MinimumVisualStudioVersion = 10.0.40219.1
Project("{9A19103F-16F7-4668-BE54-9A1E7A4F7556}") = "USW", "UMS\USW.csproj", "{B592D19D-2448-4FBB-AE30-B3A589EC2845}"
EndProject
Global
	GlobalSection(SolutionConfigurationPlatforms) = preSolution
		Debug|Any CPU = Debug|Any CPU
		Release|Any CPU = Release|Any CPU
	EndGlobalSection
	GlobalSection(ProjectConfigurationPlatforms) = postSolution
		{B592D19D-2448-4FBB-AE30-B3A589EC2845}.Debug|Any CPU.ActiveCfg = Debug|Any CPU
		{B592D19D-2448-4FBB-AE30-B3A589EC2845}.Debug|Any CPU.Build.0 = Debug|Any CPU
		{B592D19D-2448-4FBB-AE30-B3A589EC2845}.Release|Any CPU.ActiveCfg = Release|Any CPU
		{B592D19D-2448-4FBB-AE30-B3A589EC2845}.Release|Any CPU.Build.0 = Release|Any CPU
	EndGlobalSection
	GlobalSection(SolutionProperties) = preSolution
		HideSolutionNode = FALSE
	EndGlobalSection
	GlobalSection(ExtensibilityGlobals) = postSolution
		SolutionGuid = {CFBCF026-D7CF-40DE-A66B-2D53A3C77C91}
	EndGlobalSection
EndGlobal
